PODS:
  - Neon (0.4.0)
  - SDWebImage (4.3.3):
    - SDWebImage/Core (= 4.3.3)
  - SDWebImage/Core (4.3.3)

DEPENDENCIES:
  - Neon
  - SDWebImage

SPEC CHECKSUMS:
  Neon: 7fb5a9327e7e57911843f608e08f4893a74deaf9
  SDWebImage: de4d90b5bff3571eae7bd16202b1f43135409fa5

PODFILE CHECKSUM: 18f039c50f3804177b2ac0a378c0070c6c1de211

COCOAPODS: 1.3.1
